// !$*UTF8*$!
{
	archiveVersion = 1;
	classes = {
	};
	objectVersion = 46;
	objects = {

/* Begin PBXBuildFile section */
		682864061E153B1000D56F43 /* main.m in Sources */ = {isa = PBXBuildFile; fileRef = 682864051E153B1000D56F43 /* main.m */; };
		682864091E153B1000D56F43 /* AppDelegate.m in Sources */ = {isa = PBXBuildFile; fileRef = 682864081E153B1000D56F43 /* AppDelegate.m */; };
		6828640C1E153B1000D56F43 /* ViewController.m in Sources */ = {isa = PBXBuildFile; fileRef = 6828640B1E153B1000D56F43 /* ViewController.m */; };
		6828640F1E153B1000D56F43 /* Main.storyboard in Resources */ = {isa = PBXBuildFile; fileRef = 6828640D1E153B1000D56F43 /* Main.storyboard */; };
		682864111E153B1000D56F43 /* Assets.xcassets in Resources */ = {isa = PBXBuildFile; fileRef = 682864101E153B1000D56F43 /* Assets.xcassets */; };
		682864141E153B1000D56F43 /* LaunchScreen.storyboard in Resources */ = {isa = PBXBuildFile; fileRef = 682864121E153B1000D56F43 /* LaunchScreen.storyboard */; };
		6828641F1E153B1000D56F43 /* PGShareKitTests.m in Sources */ = {isa = PBXBuildFile; fileRef = 6828641E1E153B1000D56F43 /* PGShareKitTests.m */; };
		6828642A1E153B1100D56F43 /* PGShareKitUITests.m in Sources */ = {isa = PBXBuildFile; fileRef = 682864291E153B1100D56F43 /* PGShareKitUITests.m */; };
		682864391E15965C00D56F43 /* Social.framework in Frameworks */ = {isa = PBXBuildFile; fileRef = 682864381E15965C00D56F43 /* Social.framework */; };
		682864401E1597DF00D56F43 /* PGSKConfig.m in Sources */ = {isa = PBXBuildFile; fileRef = 6828643F1E1597DF00D56F43 /* PGSKConfig.m */; };
		682864491E1599D800D56F43 /* PGSKServiceSelectorView.m in Sources */ = {isa = PBXBuildFile; fileRef = 682864481E1599D800D56F43 /* PGSKServiceSelectorView.m */; };
		6828644C1E159BD500D56F43 /* PGSKServiceSelectorController.m in Sources */ = {isa = PBXBuildFile; fileRef = 6828644B1E159BD500D56F43 /* PGSKServiceSelectorController.m */; };
		6828645C1E15B27D00D56F43 /* PGSKServiceData.m in Sources */ = {isa = PBXBuildFile; fileRef = 682864581E15B27D00D56F43 /* PGSKServiceData.m */; };
		6828645D1E15B27D00D56F43 /* PGSKService.m in Sources */ = {isa = PBXBuildFile; fileRef = 6828645A1E15B27D00D56F43 /* PGSKService.m */; };
		682864611E15B39400D56F43 /* PGShareKitBLL.m in Sources */ = {isa = PBXBuildFile; fileRef = 682864601E15B39400D56F43 /* PGShareKitBLL.m */; };
		682864651E15BBA300D56F43 /* CopyWritingFormat.m in Sources */ = {isa = PBXBuildFile; fileRef = 682864641E15BBA300D56F43 /* CopyWritingFormat.m */; };
/* End PBXBuildFile section */

/* Begin PBXContainerItemProxy section */
		6828641B1E153B1000D56F43 /* PBXContainerItemProxy */ = {
			isa = PBXContainerItemProxy;
			containerPortal = 682863F91E153B1000D56F43 /* Project object */;
			proxyType = 1;
			remoteGlobalIDString = 682864001E153B1000D56F43;
			remoteInfo = PGShareKit;
		};
		682864261E153B1100D56F43 /* PBXContainerItemProxy */ = {
			isa = PBXContainerItemProxy;
			containerPortal = 682863F91E153B1000D56F43 /* Project object */;
			proxyType = 1;
			remoteGlobalIDString = 682864001E153B1000D56F43;
			remoteInfo = PGShareKit;
		};
/* End PBXContainerItemProxy section */

/* Begin PBXFileReference section */
		682864011E153B1000D56F43 /* PGShareKit.app */ = {isa = PBXFileReference; explicitFileType = wrapper.application; includeInIndex = 0; path = PGShareKit.app; sourceTree = BUILT_PRODUCTS_DIR; };
		682864051E153B1000D56F43 /* main.m */ = {isa = PBXFileReference; lastKnownFileType = sourcecode.c.objc; path = main.m; sourceTree = "<group>"; };
		682864071E153B1000D56F43 /* AppDelegate.h */ = {isa = PBXFileReference; lastKnownFileType = sourcecode.c.h; path = AppDelegate.h; sourceTree = "<group>"; };
		682864081E153B1000D56F43 /* AppDelegate.m */ = {isa = PBXFileReference; lastKnownFileType = sourcecode.c.objc; path = AppDelegate.m; sourceTree = "<group>"; };
		6828640A1E153B1000D56F43 /* ViewController.h */ = {isa = PBXFileReference; lastKnownFileType = sourcecode.c.h; path = ViewController.h; sourceTree = "<group>"; };
		6828640B1E153B1000D56F43 /* ViewController.m */ = {isa = PBXFileReference; lastKnownFileType = sourcecode.c.objc; path = ViewController.m; sourceTree = "<group>"; };
		6828640E1E153B1000D56F43 /* Base */ = {isa = PBXFileReference; lastKnownFileType = file.storyboard; name = Base; path = Base.lproj/Main.storyboard; sourceTree = "<group>"; };
		682864101E153B1000D56F43 /* Assets.xcassets */ = {isa = PBXFileReference; lastKnownFileType = folder.assetcatalog; path = Assets.xcassets; sourceTree = "<group>"; };
		682864131E153B1000D56F43 /* Base */ = {isa = PBXFileReference; lastKnownFileType = file.storyboard; name = Base; path = Base.lproj/LaunchScreen.storyboard; sourceTree = "<group>"; };
		682864151E153B1000D56F43 /* Info.plist */ = {isa = PBXFileReference; lastKnownFileType = text.plist.xml; path = Info.plist; sourceTree = "<group>"; };
		6828641A1E153B1000D56F43 /* PGShareKitTests.xctest */ = {isa = PBXFileReference; explicitFileType = wrapper.cfbundle; includeInIndex = 0; path = PGShareKitTests.xctest; sourceTree = BUILT_PRODUCTS_DIR; };
		6828641E1E153B1000D56F43 /* PGShareKitTests.m */ = {isa = PBXFileReference; lastKnownFileType = sourcecode.c.objc; path = PGShareKitTests.m; sourceTree = "<group>"; };
		682864201E153B1000D56F43 /* Info.plist */ = {isa = PBXFileReference; lastKnownFileType = text.plist.xml; path = Info.plist; sourceTree = "<group>"; };
		682864251E153B1100D56F43 /* PGShareKitUITests.xctest */ = {isa = PBXFileReference; explicitFileType = wrapper.cfbundle; includeInIndex = 0; path = PGShareKitUITests.xctest; sourceTree = BUILT_PRODUCTS_DIR; };
		682864291E153B1100D56F43 /* PGShareKitUITests.m */ = {isa = PBXFileReference; lastKnownFileType = sourcecode.c.objc; path = PGShareKitUITests.m; sourceTree = "<group>"; };
		6828642B1E153B1100D56F43 /* Info.plist */ = {isa = PBXFileReference; lastKnownFileType = text.plist.xml; path = Info.plist; sourceTree = "<group>"; };
		682864381E15965C00D56F43 /* Social.framework */ = {isa = PBXFileReference; lastKnownFileType = wrapper.framework; name = Social.framework; path = System/Library/Frameworks/Social.framework; sourceTree = SDKROOT; };
		6828643E1E1597DF00D56F43 /* PGSKConfig.h */ = {isa = PBXFileReference; fileEncoding = 4; lastKnownFileType = sourcecode.c.h; path = PGSKConfig.h; sourceTree = "<group>"; };
		6828643F1E1597DF00D56F43 /* PGSKConfig.m */ = {isa = PBXFileReference; fileEncoding = 4; lastKnownFileType = sourcecode.c.objc; path = PGSKConfig.m; sourceTree = "<group>"; };
		682864471E1599D800D56F43 /* PGSKServiceSelectorView.h */ = {isa = PBXFileReference; fileEncoding = 4; lastKnownFileType = sourcecode.c.h; path = PGSKServiceSelectorView.h; sourceTree = "<group>"; };
		682864481E1599D800D56F43 /* PGSKServiceSelectorView.m */ = {isa = PBXFileReference; fileEncoding = 4; lastKnownFileType = sourcecode.c.objc; path = PGSKServiceSelectorView.m; sourceTree = "<group>"; };
		6828644A1E159BD500D56F43 /* PGSKServiceSelectorController.h */ = {isa = PBXFileReference; fileEncoding = 4; lastKnownFileType = sourcecode.c.h; path = PGSKServiceSelectorController.h; sourceTree = "<group>"; };
		6828644B1E159BD500D56F43 /* PGSKServiceSelectorController.m */ = {isa = PBXFileReference; fileEncoding = 4; lastKnownFileType = sourcecode.c.objc; path = PGSKServiceSelectorController.m; sourceTree = "<group>"; };
		6828644D1E15A03400D56F43 /* PGSKServiceSelector.h */ = {isa = PBXFileReference; lastKnownFileType = sourcecode.c.h; path = PGSKServiceSelector.h; sourceTree = "<group>"; };
		682864501E15A29500D56F43 /* BlocksDefines.h */ = {isa = PBXFileReference; fileEncoding = 4; lastKnownFileType = sourcecode.c.h; path = BlocksDefines.h; sourceTree = "<group>"; };
		682864571E15B27D00D56F43 /* PGSKServiceData.h */ = {isa = PBXFileReference; fileEncoding = 4; lastKnownFileType = sourcecode.c.h; path = PGSKServiceData.h; sourceTree = "<group>"; };
		682864581E15B27D00D56F43 /* PGSKServiceData.m */ = {isa = PBXFileReference; fileEncoding = 4; lastKnownFileType = sourcecode.c.objc; path = PGSKServiceData.m; sourceTree = "<group>"; };
		682864591E15B27D00D56F43 /* PGSKService.h */ = {isa = PBXFileReference; fileEncoding = 4; lastKnownFileType = sourcecode.c.h; path = PGSKService.h; sourceTree = "<group>"; };
		6828645A1E15B27D00D56F43 /* PGSKService.m */ = {isa = PBXFileReference; fileEncoding = 4; lastKnownFileType = sourcecode.c.objc; path = PGSKService.m; sourceTree = "<group>"; };
		6828645B1E15B27D00D56F43 /* PGSKServiceInfo.h */ = {isa = PBXFileReference; fileEncoding = 4; lastKnownFileType = sourcecode.c.h; path = PGSKServiceInfo.h; sourceTree = "<group>"; };
		6828645F1E15B39400D56F43 /* PGShareKitBLL.h */ = {isa = PBXFileReference; fileEncoding = 4; lastKnownFileType = sourcecode.c.h; path = PGShareKitBLL.h; sourceTree = "<group>"; };
		682864601E15B39400D56F43 /* PGShareKitBLL.m */ = {isa = PBXFileReference; fileEncoding = 4; lastKnownFileType = sourcecode.c.objc; path = PGShareKitBLL.m; sourceTree = "<group>"; };
		682864631E15BBA300D56F43 /* CopyWritingFormat.h */ = {isa = PBXFileReference; fileEncoding = 4; lastKnownFileType = sourcecode.c.h; path = CopyWritingFormat.h; sourceTree = "<group>"; };
		682864641E15BBA300D56F43 /* CopyWritingFormat.m */ = {isa = PBXFileReference; fileEncoding = 4; lastKnownFileType = sourcecode.c.objc; path = CopyWritingFormat.m; sourceTree = "<group>"; };
/* End PBXFileReference section */

/* Begin PBXFrameworksBuildPhase section */
		682863FE1E153B1000D56F43 /* Frameworks */ = {
			isa = PBXFrameworksBuildPhase;
			buildActionMask = 2147483647;
			files = (
				682864391E15965C00D56F43 /* Social.framework in Frameworks */,
			);
			runOnlyForDeploymentPostprocessing = 0;
		};
		682864171E153B1000D56F43 /* Frameworks */ = {
			isa = PBXFrameworksBuildPhase;
			buildActionMask = 2147483647;
			files = (
			);
			runOnlyForDeploymentPostprocessing = 0;
		};
		682864221E153B1100D56F43 /* Frameworks */ = {
			isa = PBXFrameworksBuildPhase;
			buildActionMask = 2147483647;
			files = (
			);
			runOnlyForDeploymentPostprocessing = 0;
		};
/* End PBXFrameworksBuildPhase section */

/* Begin PBXGroup section */
		682863F81E153B1000D56F43 = {
			isa = PBXGroup;
			children = (
				6828644E1E15A0CE00D56F43 /* Foundation */,
				6828645E1E15B37900D56F43 /* BLL */,
				682864551E15B27D00D56F43 /* Service */,
				6828643A1E1597AA00D56F43 /* Cfg */,
				6828643D1E1597AA00D56F43 /* ServiceSelector */,
				682864031E153B1000D56F43 /* PGShareKit */,
				6828641D1E153B1000D56F43 /* PGShareKitTests */,
				682864281E153B1100D56F43 /* PGShareKitUITests */,
				682864021E153B1000D56F43 /* Products */,
				682864371E15965C00D56F43 /* Frameworks */,
			);
			sourceTree = "<group>";
		};
		682864021E153B1000D56F43 /* Products */ = {
			isa = PBXGroup;
			children = (
				682864011E153B1000D56F43 /* PGShareKit.app */,
				6828641A1E153B1000D56F43 /* PGShareKitTests.xctest */,
				682864251E153B1100D56F43 /* PGShareKitUITests.xctest */,
			);
			name = Products;
			sourceTree = "<group>";
		};
		682864031E153B1000D56F43 /* PGShareKit */ = {
			isa = PBXGroup;
			children = (
				682864071E153B1000D56F43 /* AppDelegate.h */,
				682864081E153B1000D56F43 /* AppDelegate.m */,
				6828640A1E153B1000D56F43 /* ViewController.h */,
				6828640B1E153B1000D56F43 /* ViewController.m */,
				6828640D1E153B1000D56F43 /* Main.storyboard */,
				682864101E153B1000D56F43 /* Assets.xcassets */,
				682864121E153B1000D56F43 /* LaunchScreen.storyboard */,
				682864151E153B1000D56F43 /* Info.plist */,
				682864041E153B1000D56F43 /* Supporting Files */,
			);
			path = PGShareKit;
			sourceTree = "<group>";
		};
		682864041E153B1000D56F43 /* Supporting Files */ = {
			isa = PBXGroup;
			children = (
				682864051E153B1000D56F43 /* main.m */,
			);
			name = "Supporting Files";
			sourceTree = "<group>";
		};
		6828641D1E153B1000D56F43 /* PGShareKitTests */ = {
			isa = PBXGroup;
			children = (
				6828641E1E153B1000D56F43 /* PGShareKitTests.m */,
				682864201E153B1000D56F43 /* Info.plist */,
			);
			path = PGShareKitTests;
			sourceTree = "<group>";
		};
		682864281E153B1100D56F43 /* PGShareKitUITests */ = {
			isa = PBXGroup;
			children = (
				682864291E153B1100D56F43 /* PGShareKitUITests.m */,
				6828642B1E153B1100D56F43 /* Info.plist */,
			);
			path = PGShareKitUITests;
			sourceTree = "<group>";
		};
		682864371E15965C00D56F43 /* Frameworks */ = {
			isa = PBXGroup;
			children = (
				682864381E15965C00D56F43 /* Social.framework */,
			);
			name = Frameworks;
			sourceTree = "<group>";
		};
		6828643A1E1597AA00D56F43 /* Cfg */ = {
			isa = PBXGroup;
			children = (
				6828643E1E1597DF00D56F43 /* PGSKConfig.h */,
				6828643F1E1597DF00D56F43 /* PGSKConfig.m */,
			);
			path = Cfg;
			sourceTree = "<group>";
		};
		6828643D1E1597AA00D56F43 /* ServiceSelector */ = {
			isa = PBXGroup;
			children = (
				6828644D1E15A03400D56F43 /* PGSKServiceSelector.h */,
				682864471E1599D800D56F43 /* PGSKServiceSelectorView.h */,
				682864481E1599D800D56F43 /* PGSKServiceSelectorView.m */,
				6828644A1E159BD500D56F43 /* PGSKServiceSelectorController.h */,
				6828644B1E159BD500D56F43 /* PGSKServiceSelectorController.m */,
			);
			path = ServiceSelector;
			sourceTree = "<group>";
		};
		6828644E1E15A0CE00D56F43 /* Foundation */ = {
			isa = PBXGroup;
			children = (
				682864501E15A29500D56F43 /* BlocksDefines.h */,
			);
			path = Foundation;
			sourceTree = "<group>";
		};
		682864551E15B27D00D56F43 /* Service */ = {
			isa = PBXGroup;
			children = (
				682864561E15B27D00D56F43 /* Data */,
				682864621E15BB6400D56F43 /* CopyWriting */,
				682864591E15B27D00D56F43 /* PGSKService.h */,
				6828645A1E15B27D00D56F43 /* PGSKService.m */,
				6828645B1E15B27D00D56F43 /* PGSKServiceInfo.h */,
			);
			path = Service;
			sourceTree = "<group>";
		};
		682864561E15B27D00D56F43 /* Data */ = {
			isa = PBXGroup;
			children = (
				682864571E15B27D00D56F43 /* PGSKServiceData.h */,
				682864581E15B27D00D56F43 /* PGSKServiceData.m */,
			);
			path = Data;
			sourceTree = "<group>";
		};
		6828645E1E15B37900D56F43 /* BLL */ = {
			isa = PBXGroup;
			children = (
				6828645F1E15B39400D56F43 /* PGShareKitBLL.h */,
				682864601E15B39400D56F43 /* PGShareKitBLL.m */,
			);
			path = BLL;
			sourceTree = "<group>";
		};
		682864621E15BB6400D56F43 /* CopyWriting */ = {
			isa = PBXGroup;
			children = (
				682864631E15BBA300D56F43 /* CopyWritingFormat.h */,
				682864641E15BBA300D56F43 /* CopyWritingFormat.m */,
			);
			path = CopyWriting;
			sourceTree = "<group>";
		};
/* End PBXGroup section */

/* Begin PBXNativeTarget section */
		682864001E153B1000D56F43 /* PGShareKit */ = {
			isa = PBXNativeTarget;
			buildConfigurationList = 6828642E1E153B1100D56F43 /* Build configuration list for PBXNativeTarget "PGShareKit" */;
			buildPhases = (
				682863FD1E153B1000D56F43 /* Sources */,
				682863FE1E153B1000D56F43 /* Frameworks */,
				682863FF1E153B1000D56F43 /* Resources */,
			);
			buildRules = (
			);
			dependencies = (
			);
			name = PGShareKit;
			productName = PGShareKit;
			productReference = 682864011E153B1000D56F43 /* PGShareKit.app */;
			productType = "com.apple.product-type.application";
		};
		682864191E153B1000D56F43 /* PGShareKitTests */ = {
			isa = PBXNativeTarget;
			buildConfigurationList = 682864311E153B1100D56F43 /* Build configuration list for PBXNativeTarget "PGShareKitTests" */;
			buildPhases = (
				682864161E153B1000D56F43 /* Sources */,
				682864171E153B1000D56F43 /* Frameworks */,
				682864181E153B1000D56F43 /* Resources */,
			);
			buildRules = (
			);
			dependencies = (
				6828641C1E153B1000D56F43 /* PBXTargetDependency */,
			);
			name = PGShareKitTests;
			productName = PGShareKitTests;
			productReference = 6828641A1E153B1000D56F43 /* PGShareKitTests.xctest */;
			productType = "com.apple.product-type.bundle.unit-test";
		};
		682864241E153B1100D56F43 /* PGShareKitUITests */ = {
			isa = PBXNativeTarget;
			buildConfigurationList = 682864341E153B1100D56F43 /* Build configuration list for PBXNativeTarget "PGShareKitUITests" */;
			buildPhases = (
				682864211E153B1100D56F43 /* Sources */,
				682864221E153B1100D56F43 /* Frameworks */,
				682864231E153B1100D56F43 /* Resources */,
			);
			buildRules = (
			);
			dependencies = (
				682864271E153B1100D56F43 /* PBXTargetDependency */,
			);
			name = PGShareKitUITests;
			productName = PGShareKitUITests;
			productReference = 682864251E153B1100D56F43 /* PGShareKitUITests.xctest */;
			productType = "com.apple.product-type.bundle.ui-testing";
		};
/* End PBXNativeTarget section */

/* Begin PBXProject section */
		682863F91E153B1000D56F43 /* Project object */ = {
			isa = PBXProject;
			attributes = {
				LastUpgradeCheck = 0820;
				ORGANIZATIONNAME = linjinxing;
				TargetAttributes = {
					682864001E153B1000D56F43 = {
						CreatedOnToolsVersion = 8.2;
						ProvisioningStyle = Automatic;
					};
					682864191E153B1000D56F43 = {
						CreatedOnToolsVersion = 8.2;
						ProvisioningStyle = Automatic;
						TestTargetID = 682864001E153B1000D56F43;
					};
					682864241E153B1100D56F43 = {
						CreatedOnToolsVersion = 8.2;
						ProvisioningStyle = Automatic;
						TestTargetID = 682864001E153B1000D56F43;
					};
				};
			};
			buildConfigurationList = 682863FC1E153B1000D56F43 /* Build configuration list for PBXProject "PGShareKit" */;
			compatibilityVersion = "Xcode 3.2";
			developmentRegion = English;
			hasScannedForEncodings = 0;
			knownRegions = (
				en,
				Base,
			);
			mainGroup = 682863F81E153B1000D56F43;
			productRefGroup = 682864021E153B1000D56F43 /* Products */;
			projectDirPath = "";
			projectRoot = "";
			targets = (
				682864001E153B1000D56F43 /* PGShareKit */,
				682864191E153B1000D56F43 /* PGShareKitTests */,
				682864241E153B1100D56F43 /* PGShareKitUITests */,
			);
		};
/* End PBXProject section */

/* Begin PBXResourcesBuildPhase section */
		682863FF1E153B1000D56F43 /* Resources */ = {
			isa = PBXResourcesBuildPhase;
			buildActionMask = 2147483647;
			files = (
				682864141E153B1000D56F43 /* LaunchScreen.storyboard in Resources */,
				682864111E153B1000D56F43 /* Assets.xcassets in Resources */,
				6828640F1E153B1000D56F43 /* Main.storyboard in Resources */,
			);
			runOnlyForDeploymentPostprocessing = 0;
		};
		682864181E153B1000D56F43 /* Resources */ = {
			isa = PBXResourcesBuildPhase;
			buildActionMask = 2147483647;
			files = (
			);
			runOnlyForDeploymentPostprocessing = 0;
		};
		682864231E153B1100D56F43 /* Resources */ = {
			isa = PBXResourcesBuildPhase;
			buildActionMask = 2147483647;
			files = (
			);
			runOnlyForDeploymentPostprocessing = 0;
		};
/* End PBXResourcesBuildPhase section */

/* Begin PBXSourcesBuildPhase section */
		682863FD1E153B1000D56F43 /* Sources */ = {
			isa = PBXSourcesBuildPhase;
			buildActionMask = 2147483647;
			files = (
				682864611E15B39400D56F43 /* PGShareKitBLL.m in Sources */,
				682864491E1599D800D56F43 /* PGSKServiceSelectorView.m in Sources */,
				6828640C1E153B1000D56F43 /* ViewController.m in Sources */,
				682864091E153B1000D56F43 /* AppDelegate.m in Sources */,
				6828645C1E15B27D00D56F43 /* PGSKServiceData.m in Sources */,
				6828645D1E15B27D00D56F43 /* PGSKService.m in Sources */,
				682864651E15BBA300D56F43 /* CopyWritingFormat.m in Sources */,
				6828644C1E159BD500D56F43 /* PGSKServiceSelectorController.m in Sources */,
				682864401E1597DF00D56F43 /* PGSKConfig.m in Sources */,
				682864061E153B1000D56F43 /* main.m in Sources */,
			);
			runOnlyForDeploymentPostprocessing = 0;
		};
		682864161E153B1000D56F43 /* Sources */ = {
			isa = PBXSourcesBuildPhase;
			buildActionMask = 2147483647;
			files = (
				6828641F1E153B1000D56F43 /* PGShareKitTests.m in Sources */,
			);
			runOnlyForDeploymentPostprocessing = 0;
		};
		682864211E153B1100D56F43 /* Sources */ = {
			isa = PBXSourcesBuildPhase;
			buildActionMask = 2147483647;
			files = (
				6828642A1E153B1100D56F43 /* PGShareKitUITests.m in Sources */,
			);
			runOnlyForDeploymentPostprocessing = 0;
		};
/* End PBXSourcesBuildPhase section */

/* Begin PBXTargetDependency section */
		6828641C1E153B1000D56F43 /* PBXTargetDependency */ = {
			isa = PBXTargetDependency;
			target = 682864001E153B1000D56F43 /* PGShareKit */;
			targetProxy = 6828641B1E153B1000D56F43 /* PBXContainerItemProxy */;
		};
		682864271E153B1100D56F43 /* PBXTargetDependency */ = {
			isa = PBXTargetDependency;
			target = 682864001E153B1000D56F43 /* PGShareKit */;
			targetProxy = 682864261E153B1100D56F43 /* PBXContainerItemProxy */;
		};
/* End PBXTargetDependency section */

/* Begin PBXVariantGroup section */
		6828640D1E153B1000D56F43 /* Main.storyboard */ = {
			isa = PBXVariantGroup;
			children = (
				6828640E1E153B1000D56F43 /* Base */,
			);
			name = Main.storyboard;
			sourceTree = "<group>";
		};
		682864121E153B1000D56F43 /* LaunchScreen.storyboard */ = {
			isa = PBXVariantGroup;
			children = (
				682864131E153B1000D56F43 /* Base */,
			);
			name = LaunchScreen.storyboard;
			sourceTree = "<group>";
		};
/* End PBXVariantGroup section */

/* Begin XCBuildConfiguration section */
		6828642C1E153B1100D56F43 /* Debug */ = {
			isa = XCBuildConfiguration;
			buildSettings = {
				ALWAYS_SEARCH_USER_PATHS = NO;
				CLANG_ANALYZER_NONNULL = YES;
				CLANG_CXX_LANGUAGE_STANDARD = "gnu++0x";
				CLANG_CXX_LIBRARY = "libc++";
				CLANG_ENABLE_MODULES = YES;
				CLANG_ENABLE_OBJC_ARC = YES;
				CLANG_WARN_BOOL_CONVERSION = YES;
				CLANG_WARN_CONSTANT_CONVERSION = YES;
				CLANG_WARN_DIRECT_OBJC_ISA_USAGE = YES_ERROR;
				CLANG_WARN_DOCUMENTATION_COMMENTS = YES;
				CLANG_WARN_EMPTY_BODY = YES;
				CLANG_WARN_ENUM_CONVERSION = YES;
				CLANG_WARN_INFINITE_RECURSION = YES;
				CLANG_WARN_INT_CONVERSION = YES;
				CLANG_WARN_OBJC_ROOT_CLASS = YES_ERROR;
				CLANG_WARN_SUSPICIOUS_MOVE = YES;
				CLANG_WARN_UNREACHABLE_CODE = YES;
				CLANG_WARN__DUPLICATE_METHOD_MATCH = YES;
				"CODE_SIGN_IDENTITY[sdk=iphoneos*]" = "iPhone Developer";
				COPY_PHASE_STRIP = NO;
				DEBUG_INFORMATION_FORMAT = dwarf;
				ENABLE_STRICT_OBJC_MSGSEND = YES;
				ENABLE_TESTABILITY = YES;
				GCC_C_LANGUAGE_STANDARD = gnu99;
				GCC_DYNAMIC_NO_PIC = NO;
				GCC_NO_COMMON_BLOCKS = YES;
				GCC_OPTIMIZATION_LEVEL = 0;
				GCC_PREPROCESSOR_DEFINITIONS = (
					"DEBUG=1",
					"$(inherited)",
				);
				GCC_WARN_64_TO_32_BIT_CONVERSION = YES;
				GCC_WARN_ABOUT_RETURN_TYPE = YES_ERROR;
				GCC_WARN_UNDECLARED_SELECTOR = YES;
				GCC_WARN_UNINITIALIZED_AUTOS = YES_AGGRESSIVE;
				GCC_WARN_UNUSED_FUNCTION = YES;
				GCC_WARN_UNUSED_VARIABLE = YES;
				IPHONEOS_DEPLOYMENT_TARGET = 10.2;
				MTL_ENABLE_DEBUG_INFO = YES;
				ONLY_ACTIVE_ARCH = YES;
				SDKROOT = iphoneos;
				TARGETED_DEVICE_FAMILY = "1,2";
			};
			name = Debug;
		};
		6828642D1E153B1100D56F43 /* Release */ = {
			isa = XCBuildConfiguration;
			buildSettings = {
				ALWAYS_SEARCH_USER_PATHS = NO;
				CLANG_ANALYZER_NONNULL = YES;
				CLANG_CXX_LANGUAGE_STANDARD = "gnu++0x";
				CLANG_CXX_LIBRARY = "libc++";
				CLANG_ENABLE_MODULES = YES;
				CLANG_ENABLE_OBJC_ARC = YES;
				CLANG_WARN_BOOL_CONVERSION = YES;
				CLANG_WARN_CONSTANT_CONVERSION = YES;
				CLANG_WARN_DIRECT_OBJC_ISA_USAGE = YES_ERROR;
				CLANG_WARN_DOCUMENTATION_COMMENTS = YES;
				CLANG_WARN_EMPTY_BODY = YES;
				CLANG_WARN_ENUM_CONVERSION = YES;
				CLANG_WARN_INFINITE_RECURSION = YES;
				CLANG_WARN_INT_CONVERSION = YES;
				CLANG_WARN_OBJC_ROOT_CLASS = YES_ERROR;
				CLANG_WARN_SUSPICIOUS_MOVE = YES;
				CLANG_WARN_UNREACHABLE_CODE = YES;
				CLANG_WARN__DUPLICATE_METHOD_MATCH = YES;
				"CODE_SIGN_IDENTITY[sdk=iphoneos*]" = "iPhone Developer";
				COPY_PHASE_STRIP = NO;
				DEBUG_INFORMATION_FORMAT = "dwarf-with-dsym";
				ENABLE_NS_ASSERTIONS = NO;
				ENABLE_STRICT_OBJC_MSGSEND = YES;
				GCC_C_LANGUAGE_STANDARD = gnu99;
				GCC_NO_COMMON_BLOCKS = YES;
				GCC_WARN_64_TO_32_BIT_CONVERSION = YES;
				GCC_WARN_ABOUT_RETURN_TYPE = YES_ERROR;
				GCC_WARN_UNDECLARED_SELECTOR = YES;
				GCC_WARN_UNINITIALIZED_AUTOS = YES_AGGRESSIVE;
				GCC_WARN_UNUSED_FUNCTION = YES;
				GCC_WARN_UNUSED_VARIABLE = YES;
				IPHONEOS_DEPLOYMENT_TARGET = 10.2;
				MTL_ENABLE_DEBUG_INFO = NO;
				SDKROOT = iphoneos;
				TARGETED_DEVICE_FAMILY = "1,2";
				VALIDATE_PRODUCT = YES;
			};
			name = Release;
		};
		6828642F1E153B1100D56F43 /* Debug */ = {
			isa = XCBuildConfiguration;
			buildSettings = {
				ASSETCATALOG_COMPILER_APPICON_NAME = AppIcon;
				INFOPLIST_FILE = PGShareKit/Info.plist;
				LD_RUNPATH_SEARCH_PATHS = "$(inherited) @executable_path/Frameworks";
				PRODUCT_BUNDLE_IDENTIFIER = com.camera360.PGShareKit;
				PRODUCT_NAME = "$(TARGET_NAME)";
			};
			name = Debug;
		};
		682864301E153B1100D56F43 /* Release */ = {
			isa = XCBuildConfiguration;
			buildSettings = {
				ASSETCATALOG_COMPILER_APPICON_NAME = AppIcon;
				INFOPLIST_FILE = PGShareKit/Info.plist;
				LD_RUNPATH_SEARCH_PATHS = "$(inherited) @executable_path/Frameworks";
				PRODUCT_BUNDLE_IDENTIFIER = com.camera360.PGShareKit;
				PRODUCT_NAME = "$(TARGET_NAME)";
			};
			name = Release;
		};
		682864321E153B1100D56F43 /* Debug */ = {
			isa = XCBuildConfiguration;
			buildSettings = {
				BUNDLE_LOADER = "$(TEST_HOST)";
				INFOPLIST_FILE = PGShareKitTests/Info.plist;
				LD_RUNPATH_SEARCH_PATHS = "$(inherited) @executable_path/Frameworks @loader_path/Frameworks";
				PRODUCT_BUNDLE_IDENTIFIER = com.camera360.PGShareKitTests;
				PRODUCT_NAME = "$(TARGET_NAME)";
				TEST_HOST = "$(BUILT_PRODUCTS_DIR)/PGShareKit.app/PGShareKit";
			};
			name = Debug;
		};
		682864331E153B1100D56F43 /* Release */ = {
			isa = XCBuildConfiguration;
			buildSettings = {
				BUNDLE_LOADER = "$(TEST_HOST)";
				INFOPLIST_FILE = PGShareKitTests/Info.plist;
				LD_RUNPATH_SEARCH_PATHS = "$(inherited) @executable_path/Frameworks @loader_path/Frameworks";
				PRODUCT_BUNDLE_IDENTIFIER = com.camera360.PGShareKitTests;
				PRODUCT_NAME = "$(TARGET_NAME)";
				TEST_HOST = "$(BUILT_PRODUCTS_DIR)/PGShareKit.app/PGShareKit";
			};
			name = Release;
		};
		682864351E153B1100D56F43 /* Debug */ = {
			isa = XCBuildConfiguration;
			buildSettings = {
				INFOPLIST_FILE = PGShareKitUITests/Info.plist;
				LD_RUNPATH_SEARCH_PATHS = "$(inherited) @executable_path/Frameworks @loader_path/Frameworks";
				PRODUCT_BUNDLE_IDENTIFIER = com.camera360.PGShareKitUITests;
				PRODUCT_NAME = "$(TARGET_NAME)";
				TEST_TARGET_NAME = PGShareKit;
			};
			name = Debug;
		};
		682864361E153B1100D56F43 /* Release */ = {
			isa = XCBuildConfiguration;
			buildSettings = {
				INFOPLIST_FILE = PGShareKitUITests/Info.plist;
				LD_RUNPATH_SEARCH_PATHS = "$(inherited) @executable_path/Frameworks @loader_path/Frameworks";
				PRODUCT_BUNDLE_IDENTIFIER = com.camera360.PGShareKitUITests;
				PRODUCT_NAME = "$(TARGET_NAME)";
				TEST_TARGET_NAME = PGShareKit;
			};
			name = Release;
		};
/* End XCBuildConfiguration section */

/* Begin XCConfigurationList section */
		682863FC1E153B1000D56F43 /* Build configuration list for PBXProject "PGShareKit" */ = {
			isa = XCConfigurationList;
			buildConfigurations = (
				6828642C1E153B1100D56F43 /* Debug */,
				6828642D1E153B1100D56F43 /* Release */,
			);
			defaultConfigurationIsVisible = 0;
			defaultConfigurationName = Release;
		};
		6828642E1E153B1100D56F43 /* Build configuration list for PBXNativeTarget "PGShareKit" */ = {
			isa = XCConfigurationList;
			buildConfigurations = (
				6828642F1E153B1100D56F43 /* Debug */,
				682864301E153B1100D56F43 /* Release */,
			);
			defaultConfigurationIsVisible = 0;
		};
		682864311E153B1100D56F43 /* Build configuration list for PBXNativeTarget "PGShareKitTests" */ = {
			isa = XCConfigurationList;
			buildConfigurations = (
				682864321E153B1100D56F43 /* Debug */,
				682864331E153B1100D56F43 /* Release */,
			);
			defaultConfigurationIsVisible = 0;
		};
		682864341E153B1100D56F43 /* Build configuration list for PBXNativeTarget "PGShareKitUITests" */ = {
			isa = XCConfigurationList;
			buildConfigurations = (
				682864351E153B1100D56F43 /* Debug */,
				682864361E153B1100D56F43 /* Release */,
			);
			defaultConfigurationIsVisible = 0;
		};
/* End XCConfigurationList section */
	};
	rootObject = 682863F91E153B1000D56F43 /* Project object */;
}
